
Microsoft Visual Studio Solution File, Format Version 12.00
# Visual Studio Version 17
VisualStudioVersion = 17.5.33530.505
MinimumVisualStudioVersion = 10.0.40219.1
Project("{FAE04EC0-301F-11D3-BF4B-00C04F79EFBC}") = "TS", "TS\TS.csproj", "{CA59C1A9-58D9-412D-8BBF-B38E719553A5}"
EndProject
Project("{FAE04EC0-301F-11D3-BF4B-00C04F79EFBC}") = "TS_Test", "TS_Test\TS_Test.csproj", "{279C7307-D642-4213-9FAD-1E80C9C9F91F}"
EndProject
Global
	GlobalSection(SolutionConfigurationPlatforms) = preSolution
		Debug|Any CPU = Debug|Any CPU
		Release|Any CPU = Release|Any CPU
	EndGlobalSection
	GlobalSection(ProjectConfigurationPlatforms) = postSolution
		{CA59C1A9-58D9-412D-8BBF-B38E719553A5}.Debug|Any CPU.ActiveCfg = Debug|Any CPU
		{CA59C1A9-58D9-412D-8BBF-B38E719553A5}.Debug|Any CPU.Build.0 = Debug|Any CPU
		{CA59C1A9-58D9-412D-8BBF-B38E719553A5}.Release|Any CPU.ActiveCfg = Release|Any CPU
		{CA59C1A9-58D9-412D-8BBF-B38E719553A5}.Release|Any CPU.Build.0 = Release|Any CPU
		{279C7307-D642-4213-9FAD-1E80C9C9F91F}.Debug|Any CPU.ActiveCfg = Debug|Any CPU
		{279C7307-D642-4213-9FAD-1E80C9C9F91F}.Debug|Any CPU.Build.0 = Debug|Any CPU
		{279C7307-D642-4213-9FAD-1E80C9C9F91F}.Release|Any CPU.ActiveCfg = Release|Any CPU
		{279C7307-D642-4213-9FAD-1E80C9C9F91F}.Release|Any CPU.Build.0 = Release|Any CPU
	EndGlobalSection
	GlobalSection(SolutionProperties) = preSolution
		HideSolutionNode = FALSE
	EndGlobalSection
	GlobalSection(ExtensibilityGlobals) = postSolution
		SolutionGuid = {41290053-C29C-4637-B242-030B36C93487}
	EndGlobalSection
EndGlobal
